
Microsoft Visual Studio Solution File, Format Version 12.00
# Visual Studio 15
VisualStudioVersion = 15.0.27428.2027
MinimumVisualStudioVersion = 10.0.40219.1
Project("{FAE04EC0-301F-11D3-BF4B-00C04F79EFBC}") = "ChemistwareHouse", "ChemistwareHouse\ChemistwareHouse.csproj", "{53B9FEE1-9A1C-41EC-AC58-7FAA3DD3DB23}"
EndProject
Project("{FAE04EC0-301F-11D3-BF4B-00C04F79EFBC}") = "ChemistWarehouse.Tests", "ChemistWarehouse.Tests\ChemistWarehouse.Tests.csproj", "{4409A0AC-1CBC-456F-A317-880D67504D8C}"
EndProject
Global
	GlobalSection(SolutionConfigurationPlatforms) = preSolution
		Debug|Any CPU = Debug|Any CPU
		Release|Any CPU = Release|Any CPU
	EndGlobalSection
	GlobalSection(ProjectConfigurationPlatforms) = postSolution
		{53B9FEE1-9A1C-41EC-AC58-7FAA3DD3DB23}.Debug|Any CPU.ActiveCfg = Debug|Any CPU
		{53B9FEE1-9A1C-41EC-AC58-7FAA3DD3DB23}.Debug|Any CPU.Build.0 = Debug|Any CPU
		{53B9FEE1-9A1C-41EC-AC58-7FAA3DD3DB23}.Release|Any CPU.ActiveCfg = Release|Any CPU
		{53B9FEE1-9A1C-41EC-AC58-7FAA3DD3DB23}.Release|Any CPU.Build.0 = Release|Any CPU
		{4409A0AC-1CBC-456F-A317-880D67504D8C}.Debug|Any CPU.ActiveCfg = Debug|Any CPU
		{4409A0AC-1CBC-456F-A317-880D67504D8C}.Debug|Any CPU.Build.0 = Debug|Any CPU
		{4409A0AC-1CBC-456F-A317-880D67504D8C}.Release|Any CPU.ActiveCfg = Release|Any CPU
		{4409A0AC-1CBC-456F-A317-880D67504D8C}.Release|Any CPU.Build.0 = Release|Any CPU
	EndGlobalSection
	GlobalSection(SolutionProperties) = preSolution
		HideSolutionNode = FALSE
	EndGlobalSection
	GlobalSection(ExtensibilityGlobals) = postSolution
		SolutionGuid = {5FA372A4-59D7-445F-AFBA-1A6722AF5420}
	EndGlobalSection
EndGlobal
